
Microsoft Visual Studio Solution File, Format Version 12.00
# Visual Studio Version 17
VisualStudioVersion = 17.8.34408.163
MinimumVisualStudioVersion = 10.0.40219.1
Project("{FAE04EC0-301F-11D3-BF4B-00C04F79EFBC}") = "Homework6", "Homework6\Homework6.csproj", "{8F0361AB-DF9C-421F-9D82-426EE0D91FF9}"
EndProject
Global
	GlobalSection(SolutionConfigurationPlatforms) = preSolution
		Debug|Any CPU = Debug|Any CPU
		Release|Any CPU = Release|Any CPU
	EndGlobalSection
	GlobalSection(ProjectConfigurationPlatforms) = postSolution
		{8F0361AB-DF9C-421F-9D82-426EE0D91FF9}.Debug|Any CPU.ActiveCfg = Debug|Any CPU
		{8F0361AB-DF9C-421F-9D82-426EE0D91FF9}.Debug|Any CPU.Build.0 = Debug|Any CPU
		{8F0361AB-DF9C-421F-9D82-426EE0D91FF9}.Release|Any CPU.ActiveCfg = Release|Any CPU
		{8F0361AB-DF9C-421F-9D82-426EE0D91FF9}.Release|Any CPU.Build.0 = Release|Any CPU
	EndGlobalSection
	GlobalSection(SolutionProperties) = preSolution
		HideSolutionNode = FALSE
	EndGlobalSection
	GlobalSection(ExtensibilityGlobals) = postSolution
		SolutionGuid = {38C57950-AC6A-4C41-B79C-9CCCF0394F39}
	EndGlobalSection
EndGlobal
